// !$*UTF8*$!
{
	archiveVersion = 1;
	classes = {
	};
	objectVersion = 48;
	objects = {

/* Begin PBXBuildFile section */
		027D2D2E97D7FEECEDC78254 /* Pods_ParseChat.framework in Frameworks */ = {isa = PBXBuildFile; fileRef = 814B784FFB2A177D3DB2419F /* Pods_ParseChat.framework */; };
		2651FCBDCFDD288BEF6C9F5C /* Pods_ParseChatUITests.framework in Frameworks */ = {isa = PBXBuildFile; fileRef = F77DDD6525C1189702E4198A /* Pods_ParseChatUITests.framework */; };
		59016DC42052012B001A93CB /* ChatCell.swift in Sources */ = {isa = PBXBuildFile; fileRef = 59016DC32052012B001A93CB /* ChatCell.swift */; };
		59B855E9204F4944009CA2E9 /* AppDelegate.swift in Sources */ = {isa = PBXBuildFile; fileRef = 59B855E8204F4944009CA2E9 /* AppDelegate.swift */; };
		59B855EB204F4944009CA2E9 /* ViewController.swift in Sources */ = {isa = PBXBuildFile; fileRef = 59B855EA204F4944009CA2E9 /* ViewController.swift */; };
		59B855EE204F4944009CA2E9 /* Main.storyboard in Resources */ = {isa = PBXBuildFile; fileRef = 59B855EC204F4944009CA2E9 /* Main.storyboard */; };
		59B855F0204F4944009CA2E9 /* Assets.xcassets in Resources */ = {isa = PBXBuildFile; fileRef = 59B855EF204F4944009CA2E9 /* Assets.xcassets */; };
		59B855F3204F4944009CA2E9 /* LaunchScreen.storyboard in Resources */ = {isa = PBXBuildFile; fileRef = 59B855F1204F4944009CA2E9 /* LaunchScreen.storyboard */; };
		59B855FE204F4945009CA2E9 /* ParseChatTests.swift in Sources */ = {isa = PBXBuildFile; fileRef = 59B855FD204F4945009CA2E9 /* ParseChatTests.swift */; };
		59B85609204F4945009CA2E9 /* ParseChatUITests.swift in Sources */ = {isa = PBXBuildFile; fileRef = 59B85608204F4945009CA2E9 /* ParseChatUITests.swift */; };
		59B85617204F4F65009CA2E9 /* LoginViewController.swift in Sources */ = {isa = PBXBuildFile; fileRef = 59B85616204F4F65009CA2E9 /* LoginViewController.swift */; };
		59B85619204F631B009CA2E9 /* ChatViewController.swift in Sources */ = {isa = PBXBuildFile; fileRef = 59B85618204F631B009CA2E9 /* ChatViewController.swift */; };
		FCEE8BB662E7483BC939900F /* Pods_ParseChatTests.framework in Frameworks */ = {isa = PBXBuildFile; fileRef = C1F030D91BA06E1BC4B71CCB /* Pods_ParseChatTests.framework */; };
/* End PBXBuildFile section */

/* Begin PBXContainerItemProxy section */
		59B855FA204F4945009CA2E9 /* PBXContainerItemProxy */ = {
			isa = PBXContainerItemProxy;
			containerPortal = 59B855DD204F4944009CA2E9 /* Project object */;
			proxyType = 1;
			remoteGlobalIDString = 59B855E4204F4944009CA2E9;
			remoteInfo = ParseChat;
		};
		59B85605204F4945009CA2E9 /* PBXContainerItemProxy */ = {
			isa = PBXContainerItemProxy;
			containerPortal = 59B855DD204F4944009CA2E9 /* Project object */;
			proxyType = 1;
			remoteGlobalIDString = 59B855E4204F4944009CA2E9;
			remoteInfo = ParseChat;
		};
/* End PBXContainerItemProxy section */

/* Begin PBXFileReference section */
		59016DC32052012B001A93CB /* ChatCell.swift */ = {isa = PBXFileReference; lastKnownFileType = sourcecode.swift; path = ChatCell.swift; sourceTree = "<group>"; };
		59B855E5204F4944009CA2E9 /* ParseChat.app */ = {isa = PBXFileReference; explicitFileType = wrapper.application; includeInIndex = 0; path = ParseChat.app; sourceTree = BUILT_PRODUCTS_DIR; };
		59B855E8204F4944009CA2E9 /* AppDelegate.swift */ = {isa = PBXFileReference; lastKnownFileType = sourcecode.swift; path = AppDelegate.swift; sourceTree = "<group>"; };
		59B855EA204F4944009CA2E9 /* ViewController.swift */ = {isa = PBXFileReference; lastKnownFileType = sourcecode.swift; path = ViewController.swift; sourceTree = "<group>"; };
		59B855ED204F4944009CA2E9 /* Base */ = {isa = PBXFileReference; lastKnownFileType = file.storyboard; name = Base; path = Base.lproj/Main.storyboard; sourceTree = "<group>"; };
		59B855EF204F4944009CA2E9 /* Assets.xcassets */ = {isa = PBXFileReference; lastKnownFileType = folder.assetcatalog; path = Assets.xcassets; sourceTree = "<group>"; };
		59B855F2204F4944009CA2E9 /* Base */ = {isa = PBXFileReference; lastKnownFileType = file.storyboard; name = Base; path = Base.lproj/LaunchScreen.storyboard; sourceTree = "<group>"; };
		59B855F4204F4944009CA2E9 /* Info.plist */ = {isa = PBXFileReference; lastKnownFileType = text.plist.xml; path = Info.plist; sourceTree = "<group>"; };
		59B855F9204F4945009CA2E9 /* ParseChatTests.xctest */ = {isa = PBXFileReference; explicitFileType = wrapper.cfbundle; includeInIndex = 0; path = ParseChatTests.xctest; sourceTree = BUILT_PRODUCTS_DIR; };
		59B855FD204F4945009CA2E9 /* ParseChatTests.swift */ = {isa = PBXFileReference; lastKnownFileType = sourcecode.swift; path = ParseChatTests.swift; sourceTree = "<group>"; };
		59B855FF204F4945009CA2E9 /* Info.plist */ = {isa = PBXFileReference; lastKnownFileType = text.plist.xml; path = Info.plist; sourceTree = "<group>"; };
		59B85604204F4945009CA2E9 /* ParseChatUITests.xctest */ = {isa = PBXFileReference; explicitFileType = wrapper.cfbundle; includeInIndex = 0; path = ParseChatUITests.xctest; sourceTree = BUILT_PRODUCTS_DIR; };
		59B85608204F4945009CA2E9 /* ParseChatUITests.swift */ = {isa = PBXFileReference; lastKnownFileType = sourcecode.swift; path = ParseChatUITests.swift; sourceTree = "<group>"; };
		59B8560A204F4945009CA2E9 /* Info.plist */ = {isa = PBXFileReference; lastKnownFileType = text.plist.xml; path = Info.plist; sourceTree = "<group>"; };
		59B85616204F4F65009CA2E9 /* LoginViewController.swift */ = {isa = PBXFileReference; lastKnownFileType = sourcecode.swift; path = LoginViewController.swift; sourceTree = "<group>"; };
		59B85618204F631B009CA2E9 /* ChatViewController.swift */ = {isa = PBXFileReference; lastKnownFileType = sourcecode.swift; path = ChatViewController.swift; sourceTree = "<group>"; };
		7DE42E6FCF9DC757602F35DC /* Pods-ParseChat.release.xcconfig */ = {isa = PBXFileReference; includeInIndex = 1; lastKnownFileType = text.xcconfig; name = "Pods-ParseChat.release.xcconfig"; path = "Pods/Target Support Files/Pods-ParseChat/Pods-ParseChat.release.xcconfig"; sourceTree = "<group>"; };
		814B784FFB2A177D3DB2419F /* Pods_ParseChat.framework */ = {isa = PBXFileReference; explicitFileType = wrapper.framework; includeInIndex = 0; path = Pods_ParseChat.framework; sourceTree = BUILT_PRODUCTS_DIR; };
		93B227B5A7ABAA7913FE4641 /* Pods-ParseChat.debug.xcconfig */ = {isa = PBXFileReference; includeInIndex = 1; lastKnownFileType = text.xcconfig; name = "Pods-ParseChat.debug.xcconfig"; path = "Pods/Target Support Files/Pods-ParseChat/Pods-ParseChat.debug.xcconfig"; sourceTree = "<group>"; };
		BA247DC73911E84415583556 /* Pods-ParseChatTests.release.xcconfig */ = {isa = PBXFileReference; includeInIndex = 1; lastKnownFileType = text.xcconfig; name = "Pods-ParseChatTests.release.xcconfig"; path = "Pods/Target Support Files/Pods-ParseChatTests/Pods-ParseChatTests.release.xcconfig"; sourceTree = "<group>"; };
		BBFABB211CB815D50D695F27 /* Pods-ParseChatTests.debug.xcconfig */ = {isa = PBXFileReference; includeInIndex = 1; lastKnownFileType = text.xcconfig; name = "Pods-ParseChatTests.debug.xcconfig"; path = "Pods/Target Support Files/Pods-ParseChatTests/Pods-ParseChatTests.debug.xcconfig"; sourceTree = "<group>"; };
		C1F030D91BA06E1BC4B71CCB /* Pods_ParseChatTests.framework */ = {isa = PBXFileReference; explicitFileType = wrapper.framework; includeInIndex = 0; path = Pods_ParseChatTests.framework; sourceTree = BUILT_PRODUCTS_DIR; };
		CA9B064DA796C3DC48D58588 /* Pods-ParseChatUITests.release.xcconfig */ = {isa = PBXFileReference; includeInIndex = 1; lastKnownFileType = text.xcconfig; name = "Pods-ParseChatUITests.release.xcconfig"; path = "Pods/Target Support Files/Pods-ParseChatUITests/Pods-ParseChatUITests.release.xcconfig"; sourceTree = "<group>"; };
		F451355D07A7B7307BF6A239 /* Pods-ParseChatUITests.debug.xcconfig */ = {isa = PBXFileReference; includeInIndex = 1; lastKnownFileType = text.xcconfig; name = "Pods-ParseChatUITests.debug.xcconfig"; path = "Pods/Target Support Files/Pods-ParseChatUITests/Pods-ParseChatUITests.debug.xcconfig"; sourceTree = "<group>"; };
		F77DDD6525C1189702E4198A /* Pods_ParseChatUITests.framework */ = {isa = PBXFileReference; explicitFileType = wrapper.framework; includeInIndex = 0; path = Pods_ParseChatUITests.framework; sourceTree = BUILT_PRODUCTS_DIR; };
/* End PBXFileReference section */

/* Begin PBXFrameworksBuildPhase section */
		59B855E2204F4944009CA2E9 /* Frameworks */ = {
			isa = PBXFrameworksBuildPhase;
			buildActionMask = 2147483647;
			files = (
				027D2D2E97D7FEECEDC78254 /* Pods_ParseChat.framework in Frameworks */,
			);
			runOnlyForDeploymentPostprocessing = 0;
		};
		59B855F6204F4945009CA2E9 /* Frameworks */ = {
			isa = PBXFrameworksBuildPhase;
			buildActionMask = 2147483647;
			files = (
				FCEE8BB662E7483BC939900F /* Pods_ParseChatTests.framework in Frameworks */,
			);
			runOnlyForDeploymentPostprocessing = 0;
		};
		59B85601204F4945009CA2E9 /* Frameworks */ = {
			isa = PBXFrameworksBuildPhase;
			buildActionMask = 2147483647;
			files = (
				2651FCBDCFDD288BEF6C9F5C /* Pods_ParseChatUITests.framework in Frameworks */,
			);
			runOnlyForDeploymentPostprocessing = 0;
		};
/* End PBXFrameworksBuildPhase section */

/* Begin PBXGroup section */
		113004302E0D60B114C3A5D5 /* Pods */ = {
			isa = PBXGroup;
			children = (
				93B227B5A7ABAA7913FE4641 /* Pods-ParseChat.debug.xcconfig */,
				7DE42E6FCF9DC757602F35DC /* Pods-ParseChat.release.xcconfig */,
				BBFABB211CB815D50D695F27 /* Pods-ParseChatTests.debug.xcconfig */,
				BA247DC73911E84415583556 /* Pods-ParseChatTests.release.xcconfig */,
				F451355D07A7B7307BF6A239 /* Pods-ParseChatUITests.debug.xcconfig */,
				CA9B064DA796C3DC48D58588 /* Pods-ParseChatUITests.release.xcconfig */,
			);
			name = Pods;
			sourceTree = "<group>";
		};
		59B855DC204F4944009CA2E9 = {
			isa = PBXGroup;
			children = (
				59B855E7204F4944009CA2E9 /* ParseChat */,
				59B855FC204F4945009CA2E9 /* ParseChatTests */,
				59B85607204F4945009CA2E9 /* ParseChatUITests */,
				59B855E6204F4944009CA2E9 /* Products */,
				113004302E0D60B114C3A5D5 /* Pods */,
				73FDAF8489E2865DF73CFA61 /* Frameworks */,
			);
			sourceTree = "<group>";
		};
		59B855E6204F4944009CA2E9 /* Products */ = {
			isa = PBXGroup;
			children = (
				59B855E5204F4944009CA2E9 /* ParseChat.app */,
				59B855F9204F4945009CA2E9 /* ParseChatTests.xctest */,
				59B85604204F4945009CA2E9 /* ParseChatUITests.xctest */,
			);
			name = Products;
			sourceTree = "<group>";
		};
		59B855E7204F4944009CA2E9 /* ParseChat */ = {
			isa = PBXGroup;
			children = (
				59B855E8204F4944009CA2E9 /* AppDelegate.swift */,
				59B855EA204F4944009CA2E9 /* ViewController.swift */,
				59B85616204F4F65009CA2E9 /* LoginViewController.swift */,
				59B85618204F631B009CA2E9 /* ChatViewController.swift */,
				59B855EC204F4944009CA2E9 /* Main.storyboard */,
				59B855EF204F4944009CA2E9 /* Assets.xcassets */,
				59B855F1204F4944009CA2E9 /* LaunchScreen.storyboard */,
				59B855F4204F4944009CA2E9 /* Info.plist */,
				59016DC32052012B001A93CB /* ChatCell.swift */,
			);
			path = ParseChat;
			sourceTree = "<group>";
		};
		59B855FC204F4945009CA2E9 /* ParseChatTests */ = {
			isa = PBXGroup;
			children = (
				59B855FD204F4945009CA2E9 /* ParseChatTests.swift */,
				59B855FF204F4945009CA2E9 /* Info.plist */,
			);
			path = ParseChatTests;
			sourceTree = "<group>";
		};
		59B85607204F4945009CA2E9 /* ParseChatUITests */ = {
			isa = PBXGroup;
			children = (
				59B85608204F4945009CA2E9 /* ParseChatUITests.swift */,
				59B8560A204F4945009CA2E9 /* Info.plist */,
			);
			path = ParseChatUITests;
			sourceTree = "<group>";
		};
		73FDAF8489E2865DF73CFA61 /* Frameworks */ = {
			isa = PBXGroup;
			children = (
				814B784FFB2A177D3DB2419F /* Pods_ParseChat.framework */,
				C1F030D91BA06E1BC4B71CCB /* Pods_ParseChatTests.framework */,
				F77DDD6525C1189702E4198A /* Pods_ParseChatUITests.framework */,
			);
			name = Frameworks;
			sourceTree = "<group>";
		};
/* End PBXGroup section */

/* Begin PBXNativeTarget section */
		59B855E4204F4944009CA2E9 /* ParseChat */ = {
			isa = PBXNativeTarget;
			buildConfigurationList = 59B8560D204F4945009CA2E9 /* Build configuration list for PBXNativeTarget "ParseChat" */;
			buildPhases = (
				E8044EC7CD8D56D4A19083CB /* [CP] Check Pods Manifest.lock */,
				59B855E1204F4944009CA2E9 /* Sources */,
				59B855E2204F4944009CA2E9 /* Frameworks */,
				59B855E3204F4944009CA2E9 /* Resources */,
				759A8F72590820ACF683BA5F /* [CP] Embed Pods Frameworks */,
				80336393BD99254E423502BE /* [CP] Copy Pods Resources */,
			);
			buildRules = (
			);
			dependencies = (
			);
			name = ParseChat;
			productName = ParseChat;
			productReference = 59B855E5204F4944009CA2E9 /* ParseChat.app */;
			productType = "com.apple.product-type.application";
		};
		59B855F8204F4945009CA2E9 /* ParseChatTests */ = {
			isa = PBXNativeTarget;
			buildConfigurationList = 59B85610204F4945009CA2E9 /* Build configuration list for PBXNativeTarget "ParseChatTests" */;
			buildPhases = (
				6E18778DE5E5F2ECE64BCA4C /* [CP] Check Pods Manifest.lock */,
				59B855F5204F4945009CA2E9 /* Sources */,
				59B855F6204F4945009CA2E9 /* Frameworks */,
				59B855F7204F4945009CA2E9 /* Resources */,
				C88F59A1E097AA1372C0D10A /* [CP] Embed Pods Frameworks */,
				64DC9977BC9ED0318480B9DA /* [CP] Copy Pods Resources */,
			);
			buildRules = (
			);
			dependencies = (
				59B855FB204F4945009CA2E9 /* PBXTargetDependency */,
			);
			name = ParseChatTests;
			productName = ParseChatTests;
			productReference = 59B855F9204F4945009CA2E9 /* ParseChatTests.xctest */;
			productType = "com.apple.product-type.bundle.unit-test";
		};
		59B85603204F4945009CA2E9 /* ParseChatUITests */ = {
			isa = PBXNativeTarget;
			buildConfigurationList = 59B85613204F4945009CA2E9 /* Build configuration list for PBXNativeTarget "ParseChatUITests" */;
			buildPhases = (
				B2CB0BE236C49CE4040D069A /* [CP] Check Pods Manifest.lock */,
				59B85600204F4945009CA2E9 /* Sources */,
				59B85601204F4945009CA2E9 /* Frameworks */,
				59B85602204F4945009CA2E9 /* Resources */,
				E6E2DBECE71F1B8D36FD82B5 /* [CP] Embed Pods Frameworks */,
				F5515717E53D579C96574BA3 /* [CP] Copy Pods Resources */,
			);
			buildRules = (
			);
			dependencies = (
				59B85606204F4945009CA2E9 /* PBXTargetDependency */,
			);
			name = ParseChatUITests;
			productName = ParseChatUITests;
			productReference = 59B85604204F4945009CA2E9 /* ParseChatUITests.xctest */;
			productType = "com.apple.product-type.bundle.ui-testing";
		};
/* End PBXNativeTarget section */

/* Begin PBXProject section */
		59B855DD204F4944009CA2E9 /* Project object */ = {
			isa = PBXProject;
			attributes = {
				LastSwiftUpdateCheck = 0920;
				LastUpgradeCheck = 0920;
				ORGANIZATIONNAME = "Trustin Harris";
				TargetAttributes = {
					59B855E4204F4944009CA2E9 = {
						CreatedOnToolsVersion = 9.2;
						ProvisioningStyle = Automatic;
					};
					59B855F8204F4945009CA2E9 = {
						CreatedOnToolsVersion = 9.2;
						ProvisioningStyle = Automatic;
						TestTargetID = 59B855E4204F4944009CA2E9;
					};
					59B85603204F4945009CA2E9 = {
						CreatedOnToolsVersion = 9.2;
						ProvisioningStyle = Automatic;
						TestTargetID = 59B855E4204F4944009CA2E9;
					};
				};
			};
			buildConfigurationList = 59B855E0204F4944009CA2E9 /* Build configuration list for PBXProject "ParseChat" */;
			compatibilityVersion = "Xcode 8.0";
			developmentRegion = en;
			hasScannedForEncodings = 0;
			knownRegions = (
				en,
				Base,
			);
			mainGroup = 59B855DC204F4944009CA2E9;
			productRefGroup = 59B855E6204F4944009CA2E9 /* Products */;
			projectDirPath = "";
			projectRoot = "";
			targets = (
				59B855E4204F4944009CA2E9 /* ParseChat */,
				59B855F8204F4945009CA2E9 /* ParseChatTests */,
				59B85603204F4945009CA2E9 /* ParseChatUITests */,
			);
		};
/* End PBXProject section */

/* Begin PBXResourcesBuildPhase section */
		59B855E3204F4944009CA2E9 /* Resources */ = {
			isa = PBXResourcesBuildPhase;
			buildActionMask = 2147483647;
			files = (
				59B855F3204F4944009CA2E9 /* LaunchScreen.storyboard in Resources */,
				59B855F0204F4944009CA2E9 /* Assets.xcassets in Resources */,
				59B855EE204F4944009CA2E9 /* Main.storyboard in Resources */,
			);
			runOnlyForDeploymentPostprocessing = 0;
		};
		59B855F7204F4945009CA2E9 /* Resources */ = {
			isa = PBXResourcesBuildPhase;
			buildActionMask = 2147483647;
			files = (
			);
			runOnlyForDeploymentPostprocessing = 0;
		};
		59B85602204F4945009CA2E9 /* Resources */ = {
			isa = PBXResourcesBuildPhase;
			buildActionMask = 2147483647;
			files = (
			);
			runOnlyForDeploymentPostprocessing = 0;
		};
/* End PBXResourcesBuildPhase section */

/* Begin PBXShellScriptBuildPhase section */
		64DC9977BC9ED0318480B9DA /* [CP] Copy Pods Resources */ = {
			isa = PBXShellScriptBuildPhase;
			buildActionMask = 2147483647;
			files = (
			);
			inputPaths = (
			);
			name = "[CP] Copy Pods Resources";
			outputPaths = (
			);
			runOnlyForDeploymentPostprocessing = 0;
			shellPath = /bin/sh;
			shellScript = "\"${SRCROOT}/Pods/Target Support Files/Pods-ParseChatTests/Pods-ParseChatTests-resources.sh\"\n";
			showEnvVarsInLog = 0;
		};
		6E18778DE5E5F2ECE64BCA4C /* [CP] Check Pods Manifest.lock */ = {
			isa = PBXShellScriptBuildPhase;
			buildActionMask = 2147483647;
			files = (
			);
			inputPaths = (
				"${PODS_PODFILE_DIR_PATH}/Podfile.lock",
				"${PODS_ROOT}/Manifest.lock",
			);
			name = "[CP] Check Pods Manifest.lock";
			outputPaths = (
				"$(DERIVED_FILE_DIR)/Pods-ParseChatTests-checkManifestLockResult.txt",
			);
			runOnlyForDeploymentPostprocessing = 0;
			shellPath = /bin/sh;
			shellScript = "diff \"${PODS_PODFILE_DIR_PATH}/Podfile.lock\" \"${PODS_ROOT}/Manifest.lock\" > /dev/null\nif [ $? != 0 ] ; then\n    # print error to STDERR\n    echo \"error: The sandbox is not in sync with the Podfile.lock. Run 'pod install' or update your CocoaPods installation.\" >&2\n    exit 1\nfi\n# This output is used by Xcode 'outputs' to avoid re-running this script phase.\necho \"SUCCESS\" > \"${SCRIPT_OUTPUT_FILE_0}\"\n";
			showEnvVarsInLog = 0;
		};
		759A8F72590820ACF683BA5F /* [CP] Embed Pods Frameworks */ = {
			isa = PBXShellScriptBuildPhase;
			buildActionMask = 2147483647;
			files = (
			);
			inputPaths = (
				"${SRCROOT}/Pods/Target Support Files/Pods-ParseChat/Pods-ParseChat-frameworks.sh",
				"${BUILT_PRODUCTS_DIR}/Bolts/Bolts.framework",
				"${BUILT_PRODUCTS_DIR}/Parse/Parse.framework",
				"${BUILT_PRODUCTS_DIR}/ParseUI/ParseUI.framework",
			);
			name = "[CP] Embed Pods Frameworks";
			outputPaths = (
				"${TARGET_BUILD_DIR}/${FRAMEWORKS_FOLDER_PATH}/Bolts.framework",
				"${TARGET_BUILD_DIR}/${FRAMEWORKS_FOLDER_PATH}/Parse.framework",
				"${TARGET_BUILD_DIR}/${FRAMEWORKS_FOLDER_PATH}/ParseUI.framework",
			);
			runOnlyForDeploymentPostprocessing = 0;
			shellPath = /bin/sh;
			shellScript = "\"${SRCROOT}/Pods/Target Support Files/Pods-ParseChat/Pods-ParseChat-frameworks.sh\"\n";
			showEnvVarsInLog = 0;
		};
		80336393BD99254E423502BE /* [CP] Copy Pods Resources */ = {
			isa = PBXShellScriptBuildPhase;
			buildActionMask = 2147483647;
			files = (
			);
			inputPaths = (
			);
			name = "[CP] Copy Pods Resources";
			outputPaths = (
			);
			runOnlyForDeploymentPostprocessing = 0;
			shellPath = /bin/sh;
			shellScript = "\"${SRCROOT}/Pods/Target Support Files/Pods-ParseChat/Pods-ParseChat-resources.sh\"\n";
			showEnvVarsInLog = 0;
		};
		B2CB0BE236C49CE4040D069A /* [CP] Check Pods Manifest.lock */ = {
			isa = PBXShellScriptBuildPhase;
			buildActionMask = 2147483647;
			files = (
			);
			inputPaths = (
				"${PODS_PODFILE_DIR_PATH}/Podfile.lock",
				"${PODS_ROOT}/Manifest.lock",
			);
			name = "[CP] Check Pods Manifest.lock";
			outputPaths = (
				"$(DERIVED_FILE_DIR)/Pods-ParseChatUITests-checkManifestLockResult.txt",
			);
			runOnlyForDeploymentPostprocessing = 0;
			shellPath = /bin/sh;
			shellScript = "diff \"${PODS_PODFILE_DIR_PATH}/Podfile.lock\" \"${PODS_ROOT}/Manifest.lock\" > /dev/null\nif [ $? != 0 ] ; then\n    # print error to STDERR\n    echo \"error: The sandbox is not in sync with the Podfile.lock. Run 'pod install' or update your CocoaPods installation.\" >&2\n    exit 1\nfi\n# This output is used by Xcode 'outputs' to avoid re-running this script phase.\necho \"SUCCESS\" > \"${SCRIPT_OUTPUT_FILE_0}\"\n";
			showEnvVarsInLog = 0;
		};
		C88F59A1E097AA1372C0D10A /* [CP] Embed Pods Frameworks */ = {
			isa = PBXShellScriptBuildPhase;
			buildActionMask = 2147483647;
			files = (
			);
			inputPaths = (
			);
			name = "[CP] Embed Pods Frameworks";
			outputPaths = (
			);
			runOnlyForDeploymentPostprocessing = 0;
			shellPath = /bin/sh;
			shellScript = "\"${SRCROOT}/Pods/Target Support Files/Pods-ParseChatTests/Pods-ParseChatTests-frameworks.sh\"\n";
			showEnvVarsInLog = 0;
		};
		E6E2DBECE71F1B8D36FD82B5 /* [CP] Embed Pods Frameworks */ = {
			isa = PBXShellScriptBuildPhase;
			buildActionMask = 2147483647;
			files = (
			);
			inputPaths = (
			);
			name = "[CP] Embed Pods Frameworks";
			outputPaths = (
			);
			runOnlyForDeploymentPostprocessing = 0;
			shellPath = /bin/sh;
			shellScript = "\"${SRCROOT}/Pods/Target Support Files/Pods-ParseChatUITests/Pods-ParseChatUITests-frameworks.sh\"\n";
			showEnvVarsInLog = 0;
		};
		E8044EC7CD8D56D4A19083CB /* [CP] Check Pods Manifest.lock */ = {
			isa = PBXShellScriptBuildPhase;
			buildActionMask = 2147483647;
			files = (
			);
			inputPaths = (
				"${PODS_PODFILE_DIR_PATH}/Podfile.lock",
				"${PODS_ROOT}/Manifest.lock",
			);
			name = "[CP] Check Pods Manifest.lock";
			outputPaths = (
				"$(DERIVED_FILE_DIR)/Pods-ParseChat-checkManifestLockResult.txt",
			);
			runOnlyForDeploymentPostprocessing = 0;
			shellPath = /bin/sh;
			shellScript = "diff \"${PODS_PODFILE_DIR_PATH}/Podfile.lock\" \"${PODS_ROOT}/Manifest.lock\" > /dev/null\nif [ $? != 0 ] ; then\n    # print error to STDERR\n    echo \"error: The sandbox is not in sync with the Podfile.lock. Run 'pod install' or update your CocoaPods installation.\" >&2\n    exit 1\nfi\n# This output is used by Xcode 'outputs' to avoid re-running this script phase.\necho \"SUCCESS\" > \"${SCRIPT_OUTPUT_FILE_0}\"\n";
			showEnvVarsInLog = 0;
		};
		F5515717E53D579C96574BA3 /* [CP] Copy Pods Resources */ = {
			isa = PBXShellScriptBuildPhase;
			buildActionMask = 2147483647;
			files = (
			);
			inputPaths = (
			);
			name = "[CP] Copy Pods Resources";
			outputPaths = (
			);
			runOnlyForDeploymentPostprocessing = 0;
			shellPath = /bin/sh;
			shellScript = "\"${SRCROOT}/Pods/Target Support Files/Pods-ParseChatUITests/Pods-ParseChatUITests-resources.sh\"\n";
			showEnvVarsInLog = 0;
		};
/* End PBXShellScriptBuildPhase section */

/* Begin PBXSourcesBuildPhase section */
		59B855E1204F4944009CA2E9 /* Sources */ = {
			isa = PBXSourcesBuildPhase;
			buildActionMask = 2147483647;
			files = (
				59B85617204F4F65009CA2E9 /* LoginViewController.swift in Sources */,
				59B855EB204F4944009CA2E9 /* ViewController.swift in Sources */,
				59B85619204F631B009CA2E9 /* ChatViewController.swift in Sources */,
				59016DC42052012B001A93CB /* ChatCell.swift in Sources */,
				59B855E9204F4944009CA2E9 /* AppDelegate.swift in Sources */,
			);
			runOnlyForDeploymentPostprocessing = 0;
		};
		59B855F5204F4945009CA2E9 /* Sources */ = {
			isa = PBXSourcesBuildPhase;
			buildActionMask = 2147483647;
			files = (
				59B855FE204F4945009CA2E9 /* ParseChatTests.swift in Sources */,
			);
			runOnlyForDeploymentPostprocessing = 0;
		};
		59B85600204F4945009CA2E9 /* Sources */ = {
			isa = PBXSourcesBuildPhase;
			buildActionMask = 2147483647;
			files = (
				59B85609204F4945009CA2E9 /* ParseChatUITests.swift in Sources */,
			);
			runOnlyForDeploymentPostprocessing = 0;
		};
/* End PBXSourcesBuildPhase section */

/* Begin PBXTargetDependency section */
		59B855FB204F4945009CA2E9 /* PBXTargetDependency */ = {
			isa = PBXTargetDependency;
			target = 59B855E4204F4944009CA2E9 /* ParseChat */;
			targetProxy = 59B855FA204F4945009CA2E9 /* PBXContainerItemProxy */;
		};
		59B85606204F4945009CA2E9 /* PBXTargetDependency */ = {
			isa = PBXTargetDependency;
			target = 59B855E4204F4944009CA2E9 /* ParseChat */;
			targetProxy = 59B85605204F4945009CA2E9 /* PBXContainerItemProxy */;
		};
/* End PBXTargetDependency section */

/* Begin PBXVariantGroup section */
		59B855EC204F4944009CA2E9 /* Main.storyboard */ = {
			isa = PBXVariantGroup;
			children = (
				59B855ED204F4944009CA2E9 /* Base */,
			);
			name = Main.storyboard;
			sourceTree = "<group>";
		};
		59B855F1204F4944009CA2E9 /* LaunchScreen.storyboard */ = {
			isa = PBXVariantGroup;
			children = (
				59B855F2204F4944009CA2E9 /* Base */,
			);
			name = LaunchScreen.storyboard;
			sourceTree = "<group>";
		};
/* End PBXVariantGroup section */

/* Begin XCBuildConfiguration section */
		59B8560B204F4945009CA2E9 /* Debug */ = {
			isa = XCBuildConfiguration;
			buildSettings = {
				ALWAYS_SEARCH_USER_PATHS = NO;
				CLANG_ANALYZER_NONNULL = YES;
				CLANG_ANALYZER_NUMBER_OBJECT_CONVERSION = YES_AGGRESSIVE;
				CLANG_CXX_LANGUAGE_STANDARD = "gnu++14";
				CLANG_CXX_LIBRARY = "libc++";
				CLANG_ENABLE_MODULES = YES;
				CLANG_ENABLE_OBJC_ARC = YES;
				CLANG_WARN_BLOCK_CAPTURE_AUTORELEASING = YES;
				CLANG_WARN_BOOL_CONVERSION = YES;
				CLANG_WARN_COMMA = YES;
				CLANG_WARN_CONSTANT_CONVERSION = YES;
				CLANG_WARN_DIRECT_OBJC_ISA_USAGE = YES_ERROR;
				CLANG_WARN_DOCUMENTATION_COMMENTS = YES;
				CLANG_WARN_EMPTY_BODY = YES;
				CLANG_WARN_ENUM_CONVERSION = YES;
				CLANG_WARN_INFINITE_RECURSION = YES;
				CLANG_WARN_INT_CONVERSION = YES;
				CLANG_WARN_NON_LITERAL_NULL_CONVERSION = YES;
				CLANG_WARN_OBJC_LITERAL_CONVERSION = YES;
				CLANG_WARN_OBJC_ROOT_CLASS = YES_ERROR;
				CLANG_WARN_RANGE_LOOP_ANALYSIS = YES;
				CLANG_WARN_STRICT_PROTOTYPES = YES;
				CLANG_WARN_SUSPICIOUS_MOVE = YES;
				CLANG_WARN_UNGUARDED_AVAILABILITY = YES_AGGRESSIVE;
				CLANG_WARN_UNREACHABLE_CODE = YES;
				CLANG_WARN__DUPLICATE_METHOD_MATCH = YES;
				CODE_SIGN_IDENTITY = "iPhone Developer";
				COPY_PHASE_STRIP = NO;
				DEBUG_INFORMATION_FORMAT = dwarf;
				ENABLE_STRICT_OBJC_MSGSEND = YES;
				ENABLE_TESTABILITY = YES;
				GCC_C_LANGUAGE_STANDARD = gnu11;
				GCC_DYNAMIC_NO_PIC = NO;
				GCC_NO_COMMON_BLOCKS = YES;
				GCC_OPTIMIZATION_LEVEL = 0;
				GCC_PREPROCESSOR_DEFINITIONS = (
					"DEBUG=1",
					"$(inherited)",
				);
				GCC_WARN_64_TO_32_BIT_CONVERSION = YES;
				GCC_WARN_ABOUT_RETURN_TYPE = YES_ERROR;
				GCC_WARN_UNDECLARED_SELECTOR = YES;
				GCC_WARN_UNINITIALIZED_AUTOS = YES_AGGRESSIVE;
				GCC_WARN_UNUSED_FUNCTION = YES;
				GCC_WARN_UNUSED_VARIABLE = YES;
				IPHONEOS_DEPLOYMENT_TARGET = 11.2;
				MTL_ENABLE_DEBUG_INFO = YES;
				ONLY_ACTIVE_ARCH = YES;
				SDKROOT = iphoneos;
				SWIFT_ACTIVE_COMPILATION_CONDITIONS = DEBUG;
				SWIFT_OPTIMIZATION_LEVEL = "-Onone";
			};
			name = Debug;
		};
		59B8560C204F4945009CA2E9 /* Release */ = {
			isa = XCBuildConfiguration;
			buildSettings = {
				ALWAYS_SEARCH_USER_PATHS = NO;
				CLANG_ANALYZER_NONNULL = YES;
				CLANG_ANALYZER_NUMBER_OBJECT_CONVERSION = YES_AGGRESSIVE;
				CLANG_CXX_LANGUAGE_STANDARD = "gnu++14";
				CLANG_CXX_LIBRARY = "libc++";
				CLANG_ENABLE_MODULES = YES;
				CLANG_ENABLE_OBJC_ARC = YES;
				CLANG_WARN_BLOCK_CAPTURE_AUTORELEASING = YES;
				CLANG_WARN_BOOL_CONVERSION = YES;
				CLANG_WARN_COMMA = YES;
				CLANG_WARN_CONSTANT_CONVERSION = YES;
				CLANG_WARN_DIRECT_OBJC_ISA_USAGE = YES_ERROR;
				CLANG_WARN_DOCUMENTATION_COMMENTS = YES;
				CLANG_WARN_EMPTY_BODY = YES;
				CLANG_WARN_ENUM_CONVERSION = YES;
				CLANG_WARN_INFINITE_RECURSION = YES;
				CLANG_WARN_INT_CONVERSION = YES;
				CLANG_WARN_NON_LITERAL_NULL_CONVERSION = YES;
				CLANG_WARN_OBJC_LITERAL_CONVERSION = YES;
				CLANG_WARN_OBJC_ROOT_CLASS = YES_ERROR;
				CLANG_WARN_RANGE_LOOP_ANALYSIS = YES;
				CLANG_WARN_STRICT_PROTOTYPES = YES;
				CLANG_WARN_SUSPICIOUS_MOVE = YES;
				CLANG_WARN_UNGUARDED_AVAILABILITY = YES_AGGRESSIVE;
				CLANG_WARN_UNREACHABLE_CODE = YES;
				CLANG_WARN__DUPLICATE_METHOD_MATCH = YES;
				CODE_SIGN_IDENTITY = "iPhone Developer";
				COPY_PHASE_STRIP = NO;
				DEBUG_INFORMATION_FORMAT = "dwarf-with-dsym";
				ENABLE_NS_ASSERTIONS = NO;
				ENABLE_STRICT_OBJC_MSGSEND = YES;
				GCC_C_LANGUAGE_STANDARD = gnu11;
				GCC_NO_COMMON_BLOCKS = YES;
				GCC_WARN_64_TO_32_BIT_CONVERSION = YES;
				GCC_WARN_ABOUT_RETURN_TYPE = YES_ERROR;
				GCC_WARN_UNDECLARED_SELECTOR = YES;
				GCC_WARN_UNINITIALIZED_AUTOS = YES_AGGRESSIVE;
				GCC_WARN_UNUSED_FUNCTION = YES;
				GCC_WARN_UNUSED_VARIABLE = YES;
				IPHONEOS_DEPLOYMENT_TARGET = 11.2;
				MTL_ENABLE_DEBUG_INFO = NO;
				SDKROOT = iphoneos;
				SWIFT_OPTIMIZATION_LEVEL = "-Owholemodule";
				VALIDATE_PRODUCT = YES;
			};
			name = Release;
		};
		59B8560E204F4945009CA2E9 /* Debug */ = {
			isa = XCBuildConfiguration;
			baseConfigurationReference = 93B227B5A7ABAA7913FE4641 /* Pods-ParseChat.debug.xcconfig */;
			buildSettings = {
				ASSETCATALOG_COMPILER_APPICON_NAME = AppIcon;
				CODE_SIGN_STYLE = Automatic;
				INFOPLIST_FILE = ParseChat/Info.plist;
				LD_RUNPATH_SEARCH_PATHS = "$(inherited) @executable_path/Frameworks";
				PRODUCT_BUNDLE_IDENTIFIER = testCompany.ParseChat;
				PRODUCT_NAME = "$(TARGET_NAME)";
				SWIFT_VERSION = 4.0;
				TARGETED_DEVICE_FAMILY = "1,2";
			};
			name = Debug;
		};
		59B8560F204F4945009CA2E9 /* Release */ = {
			isa = XCBuildConfiguration;
			baseConfigurationReference = 7DE42E6FCF9DC757602F35DC /* Pods-ParseChat.release.xcconfig */;
			buildSettings = {
				ASSETCATALOG_COMPILER_APPICON_NAME = AppIcon;
				CODE_SIGN_STYLE = Automatic;
				INFOPLIST_FILE = ParseChat/Info.plist;
				LD_RUNPATH_SEARCH_PATHS = "$(inherited) @executable_path/Frameworks";
				PRODUCT_BUNDLE_IDENTIFIER = testCompany.ParseChat;
				PRODUCT_NAME = "$(TARGET_NAME)";
				SWIFT_VERSION = 4.0;
				TARGETED_DEVICE_FAMILY = "1,2";
			};
			name = Release;
		};
		59B85611204F4945009CA2E9 /* Debug */ = {
			isa = XCBuildConfiguration;
			baseConfigurationReference = BBFABB211CB815D50D695F27 /* Pods-ParseChatTests.debug.xcconfig */;
			buildSettings = {
				ALWAYS_EMBED_SWIFT_STANDARD_LIBRARIES = YES;
				BUNDLE_LOADER = "$(TEST_HOST)";
				CODE_SIGN_STYLE = Automatic;
				INFOPLIST_FILE = ParseChatTests/Info.plist;
				LD_RUNPATH_SEARCH_PATHS = "$(inherited) @executable_path/Frameworks @loader_path/Frameworks";
				PRODUCT_BUNDLE_IDENTIFIER = testCompany.ParseChatTests;
				PRODUCT_NAME = "$(TARGET_NAME)";
				SWIFT_VERSION = 4.0;
				TARGETED_DEVICE_FAMILY = "1,2";
				TEST_HOST = "$(BUILT_PRODUCTS_DIR)/ParseChat.app/ParseChat";
			};
			name = Debug;
		};
		59B85612204F4945009CA2E9 /* Release */ = {
			isa = XCBuildConfiguration;
			baseConfigurationReference = BA247DC73911E84415583556 /* Pods-ParseChatTests.release.xcconfig */;
			buildSettings = {
				ALWAYS_EMBED_SWIFT_STANDARD_LIBRARIES = YES;
				BUNDLE_LOADER = "$(TEST_HOST)";
				CODE_SIGN_STYLE = Automatic;
				INFOPLIST_FILE = ParseChatTests/Info.plist;
				LD_RUNPATH_SEARCH_PATHS = "$(inherited) @executable_path/Frameworks @loader_path/Frameworks";
				PRODUCT_BUNDLE_IDENTIFIER = testCompany.ParseChatTests;
				PRODUCT_NAME = "$(TARGET_NAME)";
				SWIFT_VERSION = 4.0;
				TARGETED_DEVICE_FAMILY = "1,2";
				TEST_HOST = "$(BUILT_PRODUCTS_DIR)/ParseChat.app/ParseChat";
			};
			name = Release;
		};
		59B85614204F4945009CA2E9 /* Debug */ = {
			isa = XCBuildConfiguration;
			baseConfigurationReference = F451355D07A7B7307BF6A239 /* Pods-ParseChatUITests.debug.xcconfig */;
			buildSettings = {
				ALWAYS_EMBED_SWIFT_STANDARD_LIBRARIES = YES;
				CODE_SIGN_STYLE = Automatic;
				INFOPLIST_FILE = ParseChatUITests/Info.plist;
				LD_RUNPATH_SEARCH_PATHS = "$(inherited) @executable_path/Frameworks @loader_path/Frameworks";
				PRODUCT_BUNDLE_IDENTIFIER = testCompany.ParseChatUITests;
				PRODUCT_NAME = "$(TARGET_NAME)";
				SWIFT_VERSION = 4.0;
				TARGETED_DEVICE_FAMILY = "1,2";
				TEST_TARGET_NAME = ParseChat;
			};
			name = Debug;
		};
		59B85615204F4945009CA2E9 /* Release */ = {
			isa = XCBuildConfiguration;
			baseConfigurationReference = CA9B064DA796C3DC48D58588 /* Pods-ParseChatUITests.release.xcconfig */;
			buildSettings = {
				ALWAYS_EMBED_SWIFT_STANDARD_LIBRARIES = YES;
				CODE_SIGN_STYLE = Automatic;
				INFOPLIST_FILE = ParseChatUITests/Info.plist;
				LD_RUNPATH_SEARCH_PATHS = "$(inherited) @executable_path/Frameworks @loader_path/Frameworks";
				PRODUCT_BUNDLE_IDENTIFIER = testCompany.ParseChatUITests;
				PRODUCT_NAME = "$(TARGET_NAME)";
				SWIFT_VERSION = 4.0;
				TARGETED_DEVICE_FAMILY = "1,2";
				TEST_TARGET_NAME = ParseChat;
			};
			name = Release;
		};
/* End XCBuildConfiguration section */

/* Begin XCConfigurationList section */
		59B855E0204F4944009CA2E9 /* Build configuration list for PBXProject "ParseChat" */ = {
			isa = XCConfigurationList;
			buildConfigurations = (
				59B8560B204F4945009CA2E9 /* Debug */,
				59B8560C204F4945009CA2E9 /* Release */,
			);
			defaultConfigurationIsVisible = 0;
			defaultConfigurationName = Release;
		};
		59B8560D204F4945009CA2E9 /* Build configuration list for PBXNativeTarget "ParseChat" */ = {
			isa = XCConfigurationList;
			buildConfigurations = (
				59B8560E204F4945009CA2E9 /* Debug */,
				59B8560F204F4945009CA2E9 /* Release */,
			);
			defaultConfigurationIsVisible = 0;
			defaultConfigurationName = Release;
		};
		59B85610204F4945009CA2E9 /* Build configuration list for PBXNativeTarget "ParseChatTests" */ = {
			isa = XCConfigurationList;
			buildConfigurations = (
				59B85611204F4945009CA2E9 /* Debug */,
				59B85612204F4945009CA2E9 /* Release */,
			);
			defaultConfigurationIsVisible = 0;
			defaultConfigurationName = Release;
		};
		59B85613204F4945009CA2E9 /* Build configuration list for PBXNativeTarget "ParseChatUITests" */ = {
			isa = XCConfigurationList;
			buildConfigurations = (
				59B85614204F4945009CA2E9 /* Debug */,
				59B85615204F4945009CA2E9 /* Release */,
			);
			defaultConfigurationIsVisible = 0;
			defaultConfigurationName = Release;
		};
/* End XCConfigurationList section */
	};
	rootObject = 59B855DD204F4944009CA2E9 /* Project object */;
}
